
Microsoft Visual Studio Solution File, Format Version 12.00
# Visual Studio Version 16
VisualStudioVersion = 16.0.32228.343
MinimumVisualStudioVersion = 10.0.40219.1
Project("{FAE04EC0-301F-11D3-BF4B-00C04F79EFBC}") = "ConsoleMon", "ConsoleMon\ConsoleMon.csproj", "{110D0641-A53E-409D-B7D5-7964BA3E3975}"
EndProject
Global
	GlobalSection(SolutionConfigurationPlatforms) = preSolution
		Debug|Any CPU = Debug|Any CPU
		Release|Any CPU = Release|Any CPU
	EndGlobalSection
	GlobalSection(ProjectConfigurationPlatforms) = postSolution
		{110D0641-A53E-409D-B7D5-7964BA3E3975}.Debug|Any CPU.ActiveCfg = Debug|Any CPU
		{110D0641-A53E-409D-B7D5-7964BA3E3975}.Debug|Any CPU.Build.0 = Debug|Any CPU
		{110D0641-A53E-409D-B7D5-7964BA3E3975}.Release|Any CPU.ActiveCfg = Release|Any CPU
		{110D0641-A53E-409D-B7D5-7964BA3E3975}.Release|Any CPU.Build.0 = Release|Any CPU
	EndGlobalSection
	GlobalSection(SolutionProperties) = preSolution
		HideSolutionNode = FALSE
	EndGlobalSection
	GlobalSection(ExtensibilityGlobals) = postSolution
		SolutionGuid = {44DAD9E2-38C9-4004-880B-5427FF128930}
	EndGlobalSection
EndGlobal
